{
  "name": "AlmightyDynamicChurch",
  "lockfileVersion": 3,
  "requires": true,
  "packages": {
    "": {
      "dependencies": {
        "drizzle-orm-pg": "^0.16.3"
      }
    },
    "node_modules/drizzle-orm-pg": {
      "version": "0.16.3",
      "resolved": "https://registry.npmjs.org/drizzle-orm-pg/-/drizzle-orm-pg-0.16.3.tgz",
      "integrity": "sha512-KohmZ3AbDP6waq3AG6+fMK7dkCmLJo2lWThioLDluveY/6E4Y44YLaWiZKg3dtq/SaawnyMa9jOy6FqLw29xyQ==",
      "deprecated": "This package is merged into drizzle-orm starting from 0.17.0. See https://www.npmjs.com/package/drizzle-orm",
      "license": "Apache-2.0",
      "peerDependencies": {
        "@neondatabase/serverless": ">=0.1 <0.2",
        "@types/pg": ">=8 <9",
        "drizzle-orm": ">=0.16 <0.17",
        "pg": ">=8 <9",
        "postgres": ">=3 <4"
      },
      "peerDependenciesMeta": {
        "@neondatabase/serverless": {
          "optional": true
        },
        "@types/pg": {
          "optional": true
        },
        "pg": {
          "optional": true
        },
        "postgres": {
          "optional": true
        }
      }
    }
  }
}
